
Microsoft Visual Studio Solution File, Format Version 12.00
# Visual Studio Version 16
VisualStudioVersion = 16.0.31702.278
MinimumVisualStudioVersion = 10.0.40219.1
Project("{FAE04EC0-301F-11D3-BF4B-00C04F79EFBC}") = "EmployeeAttendanceAndWages", "EmployeeAttendanceAndWages.csproj", "{05622005-66DA-428E-8204-03688098820F}"
EndProject
Global
	GlobalSection(SolutionConfigurationPlatforms) = preSolution
		Debug|Any CPU = Debug|Any CPU
		Release|Any CPU = Release|Any CPU
	EndGlobalSection
	GlobalSection(ProjectConfigurationPlatforms) = postSolution
		{05622005-66DA-428E-8204-03688098820F}.Debug|Any CPU.ActiveCfg = Debug|Any CPU
		{05622005-66DA-428E-8204-03688098820F}.Debug|Any CPU.Build.0 = Debug|Any CPU
		{05622005-66DA-428E-8204-03688098820F}.Release|Any CPU.ActiveCfg = Release|Any CPU
		{05622005-66DA-428E-8204-03688098820F}.Release|Any CPU.Build.0 = Release|Any CPU
	EndGlobalSection
	GlobalSection(SolutionProperties) = preSolution
		HideSolutionNode = FALSE
	EndGlobalSection
	GlobalSection(ExtensibilityGlobals) = postSolution
		SolutionGuid = {C9640D61-0517-4382-9597-E723F78C9C4C}
	EndGlobalSection
EndGlobal
